// !$*UTF8*$!
{
	archiveVersion = 1;
	classes = {
	};
	objectVersion = 46;
	objects = {

/* Begin PBXBuildFile section */
		274E8C8D1984A79D00A1095A /* ViewController.m in Sources */ = {isa = PBXBuildFile; fileRef = 274E8C8C1984A79D00A1095A /* ViewController.m */; };
		274E8C961984A7F400A1095A /* LoginCustionBtn.m in Sources */ = {isa = PBXBuildFile; fileRef = 274E8C8F1984A7F400A1095A /* LoginCustionBtn.m */; };
		274E8C971984A7F400A1095A /* LoginViewController.m in Sources */ = {isa = PBXBuildFile; fileRef = 274E8C911984A7F400A1095A /* LoginViewController.m */; };
		274E8C981984A7F400A1095A /* LoginViewController.xib in Resources */ = {isa = PBXBuildFile; fileRef = 274E8C921984A7F400A1095A /* LoginViewController.xib */; };
		274E8C991984A7F400A1095A /* RegistViewController.m in Sources */ = {isa = PBXBuildFile; fileRef = 274E8C941984A7F400A1095A /* RegistViewController.m */; };
		274E8C9A1984A7F400A1095A /* RegistViewController.xib in Resources */ = {isa = PBXBuildFile; fileRef = 274E8C951984A7F400A1095A /* RegistViewController.xib */; };
		274E8C9E1984A82400A1095A /* SelectViewController.m in Sources */ = {isa = PBXBuildFile; fileRef = 274E8C9C1984A82400A1095A /* SelectViewController.m */; };
		274E8C9F1984A82400A1095A /* SelectViewController.xib in Resources */ = {isa = PBXBuildFile; fileRef = 274E8C9D1984A82400A1095A /* SelectViewController.xib */; };
		274E8CA41984A84000A1095A /* CandidateView.m in Sources */ = {isa = PBXBuildFile; fileRef = 274E8CA11984A84000A1095A /* CandidateView.m */; };
		274E8CA51984A84000A1095A /* MatchViewController.m in Sources */ = {isa = PBXBuildFile; fileRef = 274E8CA31984A84000A1095A /* MatchViewController.m */; };
		274E8CAC1984A87700A1095A /* PKViewController.m in Sources */ = {isa = PBXBuildFile; fileRef = 274E8CA71984A87700A1095A /* PKViewController.m */; };
		274E8CAD1984A87700A1095A /* PKViewController.xib in Resources */ = {isa = PBXBuildFile; fileRef = 274E8CA81984A87700A1095A /* PKViewController.xib */; };
		274E8CAE1984A87700A1095A /* QuestionView.m in Sources */ = {isa = PBXBuildFile; fileRef = 274E8CAA1984A87700A1095A /* QuestionView.m */; };
		274E8CAF1984A87700A1095A /* QuestionView.xib in Resources */ = {isa = PBXBuildFile; fileRef = 274E8CAB1984A87700A1095A /* QuestionView.xib */; };
		274E8CB61984A8D900A1095A /* AMProgressView.m in Sources */ = {isa = PBXBuildFile; fileRef = 274E8CB11984A8D900A1095A /* AMProgressView.m */; };
		274E8CB71984A8D900A1095A /* AMProgressViewGradient.m in Sources */ = {isa = PBXBuildFile; fileRef = 274E8CB31984A8D900A1095A /* AMProgressViewGradient.m */; };
		274E8CB81984A8D900A1095A /* UIViewExt.m in Sources */ = {isa = PBXBuildFile; fileRef = 274E8CB51984A8D900A1095A /* UIViewExt.m */; };
		274E8CBC1984A91A00A1095A /* QuestionOne.m in Sources */ = {isa = PBXBuildFile; fileRef = 274E8CBA1984A91A00A1095A /* QuestionOne.m */; };
		274E8CBD1984A91A00A1095A /* QuestionOne.xib in Resources */ = {isa = PBXBuildFile; fileRef = 274E8CBB1984A91A00A1095A /* QuestionOne.xib */; };
		E22E4F6E1983AF4800B94C57 /* UIAlertView+Tip.m in Sources */ = {isa = PBXBuildFile; fileRef = E22E4F6D1983AF4800B94C57 /* UIAlertView+Tip.m */; };
		FA0F0A74199311FF00F8A510 /* ExchangeCell.m in Sources */ = {isa = PBXBuildFile; fileRef = FA0F0A72199311FF00F8A510 /* ExchangeCell.m */; };
		FA0F0A75199311FF00F8A510 /* ExchangeCell.xib in Resources */ = {isa = PBXBuildFile; fileRef = FA0F0A73199311FF00F8A510 /* ExchangeCell.xib */; };
		FA0F0A791993139D00F8A510 /* reward_enterinto@2x.png in Resources */ = {isa = PBXBuildFile; fileRef = FA0F0A761993139D00F8A510 /* reward_enterinto@2x.png */; };
		FA0F0A7A1993139D00F8A510 /* reward_jindong_50yuan@2x.png in Resources */ = {isa = PBXBuildFile; fileRef = FA0F0A771993139D00F8A510 /* reward_jindong_50yuan@2x.png */; };
		FA0F0A7B1993139D00F8A510 /* reward_xunlei_month@2x.png in Resources */ = {isa = PBXBuildFile; fileRef = FA0F0A781993139D00F8A510 /* reward_xunlei_month@2x.png */; };
		FA0F0A7E1993148100F8A510 /* ExchangeViewController.m in Sources */ = {isa = PBXBuildFile; fileRef = FA0F0A7D1993148100F8A510 /* ExchangeViewController.m */; };
		FA0F0AEC1993534300F8A510 /* MMDrawerController.m in Sources */ = {isa = PBXBuildFile; fileRef = FA0F0AE21993534300F8A510 /* MMDrawerController.m */; };
		FA0F0AED1993534300F8A510 /* UIViewController+MMDrawerController.m in Sources */ = {isa = PBXBuildFile; fileRef = FA0F0AE51993534300F8A510 /* UIViewController+MMDrawerController.m */; };
		FA0F0AEE1993534300F8A510 /* MMDrawerBarButtonItem.m in Sources */ = {isa = PBXBuildFile; fileRef = FA0F0AE71993534300F8A510 /* MMDrawerBarButtonItem.m */; };
		FA0F0AEF1993534300F8A510 /* MMDrawerVisualState.m in Sources */ = {isa = PBXBuildFile; fileRef = FA0F0AE91993534300F8A510 /* MMDrawerVisualState.m */; };
		FA0F0AF01993534300F8A510 /* MMExampleDrawerVisualStateManager.m in Sources */ = {isa = PBXBuildFile; fileRef = FA0F0AEB1993534300F8A510 /* MMExampleDrawerVisualStateManager.m */; };
		FA0F0AF61993549500F8A510 /* UIWindow+Set.m in Sources */ = {isa = PBXBuildFile; fileRef = FA0F0AF51993549500F8A510 /* UIWindow+Set.m */; };
		FA0F0AFA199359E700F8A510 /* BaseNavigationController.m in Sources */ = {isa = PBXBuildFile; fileRef = FA0F0AF9199359E700F8A510 /* BaseNavigationController.m */; };
		FA0F0B03199367E800F8A510 /* SetViewController.m in Sources */ = {isa = PBXBuildFile; fileRef = FA0F0B01199367E800F8A510 /* SetViewController.m */; };
		FA0F0B04199367E800F8A510 /* SetViewController.xib in Resources */ = {isa = PBXBuildFile; fileRef = FA0F0B02199367E800F8A510 /* SetViewController.xib */; };
		FA3C644A1991CB9700DA3744 /* home_close@2x.png in Resources */ = {isa = PBXBuildFile; fileRef = FA3C64481991CB9700DA3744 /* home_close@2x.png */; };
		FA3C644B1991CB9700DA3744 /* home_open@2x.png in Resources */ = {isa = PBXBuildFile; fileRef = FA3C64491991CB9700DA3744 /* home_open@2x.png */; };
		FA3C6452199227A300DA3744 /* home_rank@2x.png in Resources */ = {isa = PBXBuildFile; fileRef = FA3C6451199227A300DA3744 /* home_rank@2x.png */; };
		FA3C645619922E7600DA3744 /* home_begin@2x.png in Resources */ = {isa = PBXBuildFile; fileRef = FA3C645319922E7600DA3744 /* home_begin@2x.png */; };
		FA3C645719922E7600DA3744 /* home_challenge@2x.png in Resources */ = {isa = PBXBuildFile; fileRef = FA3C645419922E7600DA3744 /* home_challenge@2x.png */; };
		FA3C645819922E7600DA3744 /* home_discuss@2x.png in Resources */ = {isa = PBXBuildFile; fileRef = FA3C645519922E7600DA3744 /* home_discuss@2x.png */; };
		FA3C645B1992301E00DA3744 /* home_menu@2x.png in Resources */ = {isa = PBXBuildFile; fileRef = FA3C64591992301E00DA3744 /* home_menu@2x.png */; };
		FA3C645C1992301E00DA3744 /* home_reward@2x.png in Resources */ = {isa = PBXBuildFile; fileRef = FA3C645A1992301E00DA3744 /* home_reward@2x.png */; };
		FA5E5BFE197DF59C008706F6 /* match_cancel_btn_normal@2x.png in Resources */ = {isa = PBXBuildFile; fileRef = FA5E5BFD197DF59C008706F6 /* match_cancel_btn_normal@2x.png */; };
		FA65A5A1198B380A00CB48FC /* BaseViewController.m in Sources */ = {isa = PBXBuildFile; fileRef = FA65A5A0198B380A00CB48FC /* BaseViewController.m */; };
		FA91FE991991C823007848C6 /* SelectTableViewCell.m in Sources */ = {isa = PBXBuildFile; fileRef = FA91FE971991C823007848C6 /* SelectTableViewCell.m */; };
		FA91FE9A1991C823007848C6 /* SelectTableViewCell.xib in Resources */ = {isa = PBXBuildFile; fileRef = FA91FE981991C823007848C6 /* SelectTableViewCell.xib */; };
		FAB1910D197CBB42005338B8 /* Foundation.framework in Frameworks */ = {isa = PBXBuildFile; fileRef = FAB1910C197CBB42005338B8 /* Foundation.framework */; };
		FAB1910F197CBB42005338B8 /* CoreGraphics.framework in Frameworks */ = {isa = PBXBuildFile; fileRef = FAB1910E197CBB42005338B8 /* CoreGraphics.framework */; };
		FAB19111197CBB42005338B8 /* UIKit.framework in Frameworks */ = {isa = PBXBuildFile; fileRef = FAB19110197CBB42005338B8 /* UIKit.framework */; };
		FAB19117197CBB42005338B8 /* InfoPlist.strings in Resources */ = {isa = PBXBuildFile; fileRef = FAB19115197CBB42005338B8 /* InfoPlist.strings */; };
		FAB19119197CBB42005338B8 /* main.m in Sources */ = {isa = PBXBuildFile; fileRef = FAB19118197CBB42005338B8 /* main.m */; };
		FAB1911D197CBB42005338B8 /* AppDelegate.m in Sources */ = {isa = PBXBuildFile; fileRef = FAB1911C197CBB42005338B8 /* AppDelegate.m */; };
		FAB19120197CBB42005338B8 /* Main.storyboard in Resources */ = {isa = PBXBuildFile; fileRef = FAB1911E197CBB42005338B8 /* Main.storyboard */; };
		FAB19125197CBB42005338B8 /* Images.xcassets in Resources */ = {isa = PBXBuildFile; fileRef = FAB19124197CBB42005338B8 /* Images.xcassets */; };
		FAB1912C197CBB42005338B8 /* XCTest.framework in Frameworks */ = {isa = PBXBuildFile; fileRef = FAB1912B197CBB42005338B8 /* XCTest.framework */; };
		FAB1912D197CBB42005338B8 /* Foundation.framework in Frameworks */ = {isa = PBXBuildFile; fileRef = FAB1910C197CBB42005338B8 /* Foundation.framework */; };
		FAB1912E197CBB42005338B8 /* UIKit.framework in Frameworks */ = {isa = PBXBuildFile; fileRef = FAB19110197CBB42005338B8 /* UIKit.framework */; };
		FAB19136197CBB42005338B8 /* InfoPlist.strings in Resources */ = {isa = PBXBuildFile; fileRef = FAB19134197CBB42005338B8 /* InfoPlist.strings */; };
		FAB19138197CBB42005338B8 /* AnswerTests.m in Sources */ = {isa = PBXBuildFile; fileRef = FAB19137197CBB42005338B8 /* AnswerTests.m */; };
		FAB19152197CC18F005338B8 /* UIView+Label.m in Sources */ = {isa = PBXBuildFile; fileRef = FAB19151197CC18F005338B8 /* UIView+Label.m */; };
		FAB19153197CC18F005338B8 /* UIView+Label.m in Sources */ = {isa = PBXBuildFile; fileRef = FAB19151197CC18F005338B8 /* UIView+Label.m */; };
		FAB19170197CF904005338B8 /* Icon-29.png in Resources */ = {isa = PBXBuildFile; fileRef = FAB19166197CF904005338B8 /* Icon-29.png */; };
		FAB19171197CF904005338B8 /* Icon-29@2x.png in Resources */ = {isa = PBXBuildFile; fileRef = FAB19167197CF904005338B8 /* Icon-29@2x.png */; };
		FAB19172197CF904005338B8 /* Icon-40.png in Resources */ = {isa = PBXBuildFile; fileRef = FAB19168197CF904005338B8 /* Icon-40.png */; };
		FAB19173197CF904005338B8 /* Icon-40@2x.png in Resources */ = {isa = PBXBuildFile; fileRef = FAB19169197CF904005338B8 /* Icon-40@2x.png */; };
		FAB19174197CF904005338B8 /* Icon-60.png in Resources */ = {isa = PBXBuildFile; fileRef = FAB1916A197CF904005338B8 /* Icon-60.png */; };
		FAB19175197CF904005338B8 /* Icon-60@2x.png in Resources */ = {isa = PBXBuildFile; fileRef = FAB1916B197CF904005338B8 /* Icon-60@2x.png */; };
		FAB19176197CF904005338B8 /* Icon-72.png in Resources */ = {isa = PBXBuildFile; fileRef = FAB1916C197CF904005338B8 /* Icon-72.png */; };
		FAB19177197CF904005338B8 /* Icon-72@2x.png in Resources */ = {isa = PBXBuildFile; fileRef = FAB1916D197CF904005338B8 /* Icon-72@2x.png */; };
		FAB19178197CF904005338B8 /* Icon-76.png in Resources */ = {isa = PBXBuildFile; fileRef = FAB1916E197CF904005338B8 /* Icon-76.png */; };
		FAB19179197CF904005338B8 /* Icon-76@2x.png in Resources */ = {isa = PBXBuildFile; fileRef = FAB1916F197CF904005338B8 /* Icon-76@2x.png */; };
		FAB1917C197CF94B005338B8 /* Icon.png in Resources */ = {isa = PBXBuildFile; fileRef = FAB1917A197CF94B005338B8 /* Icon.png */; };
		FAB1917D197CF94B005338B8 /* Icon@2x.png in Resources */ = {isa = PBXBuildFile; fileRef = FAB1917B197CF94B005338B8 /* Icon@2x.png */; };
		FAB19182197CF954005338B8 /* Icon-Small-50.png in Resources */ = {isa = PBXBuildFile; fileRef = FAB1917E197CF954005338B8 /* Icon-Small-50.png */; };
		FAB19183197CF954005338B8 /* Icon-Small-50@2x.png in Resources */ = {isa = PBXBuildFile; fileRef = FAB1917F197CF954005338B8 /* Icon-Small-50@2x.png */; };
		FAB19184197CF954005338B8 /* Icon-Small.png in Resources */ = {isa = PBXBuildFile; fileRef = FAB19180197CF954005338B8 /* Icon-Small.png */; };
		FAB19185197CF954005338B8 /* Icon-Small@2x.png in Resources */ = {isa = PBXBuildFile; fileRef = FAB19181197CF954005338B8 /* Icon-Small@2x.png */; };
		FAB19188197CF95D005338B8 /* iTunesArtwork.png in Resources */ = {isa = PBXBuildFile; fileRef = FAB19186197CF95D005338B8 /* iTunesArtwork.png */; };
		FAB19189197CF95D005338B8 /* iTunesArtwork@2x.png in Resources */ = {isa = PBXBuildFile; fileRef = FAB19187197CF95D005338B8 /* iTunesArtwork@2x.png */; };
		FAB1918F197CF9A1005338B8 /* Default-568h@2x.png in Resources */ = {isa = PBXBuildFile; fileRef = FAB1918A197CF9A1005338B8 /* Default-568h@2x.png */; };
		FAB19192197CF9A1005338B8 /* Default.png in Resources */ = {isa = PBXBuildFile; fileRef = FAB1918D197CF9A1005338B8 /* Default.png */; };
		FAB19193197CF9A1005338B8 /* Default@2x.png in Resources */ = {isa = PBXBuildFile; fileRef = FAB1918E197CF9A1005338B8 /* Default@2x.png */; };
		FAB1919E197D0C5B005338B8 /* persons-random-preamble-1024@2x.png in Resources */ = {isa = PBXBuildFile; fileRef = FAB1919D197D0C5B005338B8 /* persons-random-preamble-1024@2x.png */; };
		FAB191AF197D1693005338B8 /* cat-large@2x.png in Resources */ = {isa = PBXBuildFile; fileRef = FAB191A5197D1693005338B8 /* cat-large@2x.png */; };
		FAB191B0197D1693005338B8 /* dog-large@2x.png in Resources */ = {isa = PBXBuildFile; fileRef = FAB191A6197D1693005338B8 /* dog-large@2x.png */; };
		FAB191B1197D1693005338B8 /* ghost-large@2x.png in Resources */ = {isa = PBXBuildFile; fileRef = FAB191A7197D1693005338B8 /* ghost-large@2x.png */; };
		FAB191B2197D1693005338B8 /* gorilla-large@2x.png in Resources */ = {isa = PBXBuildFile; fileRef = FAB191A8197D1693005338B8 /* gorilla-large@2x.png */; };
		FAB191B3197D1693005338B8 /* ninja-large@2x.png in Resources */ = {isa = PBXBuildFile; fileRef = FAB191A9197D1693005338B8 /* ninja-large@2x.png */; };
		FAB191B4197D1693005338B8 /* owl-large@2x.png in Resources */ = {isa = PBXBuildFile; fileRef = FAB191AA197D1693005338B8 /* owl-large@2x.png */; };
		FAB191B5197D1693005338B8 /* panda-large@2x.png in Resources */ = {isa = PBXBuildFile; fileRef = FAB191AB197D1693005338B8 /* panda-large@2x.png */; };
		FAB191B6197D1693005338B8 /* pig-large@2x.png in Resources */ = {isa = PBXBuildFile; fileRef = FAB191AC197D1693005338B8 /* pig-large@2x.png */; };
		FAB191B7197D1693005338B8 /* skull-large@2x.png in Resources */ = {isa = PBXBuildFile; fileRef = FAB191AD197D1693005338B8 /* skull-large@2x.png */; };
		FAB191B8197D1693005338B8 /* snake-large@2x.png in Resources */ = {isa = PBXBuildFile; fileRef = FAB191AE197D1693005338B8 /* snake-large@2x.png */; };
		FABB7769198B1EBF00FEF5A3 /* login_icon@2x.png in Resources */ = {isa = PBXBuildFile; fileRef = FABB7766198B1EBF00FEF5A3 /* login_icon@2x.png */; };
		FABB776A198B1EBF00FEF5A3 /* login_name@2x.png in Resources */ = {isa = PBXBuildFile; fileRef = FABB7767198B1EBF00FEF5A3 /* login_name@2x.png */; };
		FABB776B198B1EBF00FEF5A3 /* reg_head@2x.png in Resources */ = {isa = PBXBuildFile; fileRef = FABB7768198B1EBF00FEF5A3 /* reg_head@2x.png */; };
/* End PBXBuildFile section */

/* Begin PBXContainerItemProxy section */
		FAB1912F197CBB42005338B8 /* PBXContainerItemProxy */ = {
			isa = PBXContainerItemProxy;
			containerPortal = FAB19101197CBB42005338B8 /* Project object */;
			proxyType = 1;
			remoteGlobalIDString = FAB19108197CBB42005338B8;
			remoteInfo = Answer;
		};
/* End PBXContainerItemProxy section */

/* Begin PBXFileReference section */
		274E8C8B1984A79D00A1095A /* ViewController.h */ = {isa = PBXFileReference; fileEncoding = 4; lastKnownFileType = sourcecode.c.h; path = ViewController.h; sourceTree = "<group>"; };
		274E8C8C1984A79D00A1095A /* ViewController.m */ = {isa = PBXFileReference; fileEncoding = 4; lastKnownFileType = sourcecode.c.objc; path = ViewController.m; sourceTree = "<group>"; };
		274E8C8E1984A7F400A1095A /* LoginCustionBtn.h */ = {isa = PBXFileReference; fileEncoding = 4; lastKnownFileType = sourcecode.c.h; path = LoginCustionBtn.h; sourceTree = "<group>"; };
		274E8C8F1984A7F400A1095A /* LoginCustionBtn.m */ = {isa = PBXFileReference; fileEncoding = 4; lastKnownFileType = sourcecode.c.objc; path = LoginCustionBtn.m; sourceTree = "<group>"; };
		274E8C901984A7F400A1095A /* LoginViewController.h */ = {isa = PBXFileReference; fileEncoding = 4; lastKnownFileType = sourcecode.c.h; path = LoginViewController.h; sourceTree = "<group>"; };
		274E8C911984A7F400A1095A /* LoginViewController.m */ = {isa = PBXFileReference; fileEncoding = 4; lastKnownFileType = sourcecode.c.objc; path = LoginViewController.m; sourceTree = "<group>"; };
		274E8C921984A7F400A1095A /* LoginViewController.xib */ = {isa = PBXFileReference; fileEncoding = 4; lastKnownFileType = file.xib; path = LoginViewController.xib; sourceTree = "<group>"; };
		274E8C931984A7F400A1095A /* RegistViewController.h */ = {isa = PBXFileReference; fileEncoding = 4; lastKnownFileType = sourcecode.c.h; path = RegistViewController.h; sourceTree = "<group>"; };
		274E8C941984A7F400A1095A /* RegistViewController.m */ = {isa = PBXFileReference; fileEncoding = 4; lastKnownFileType = sourcecode.c.objc; path = RegistViewController.m; sourceTree = "<group>"; };
		274E8C951984A7F400A1095A /* RegistViewController.xib */ = {isa = PBXFileReference; fileEncoding = 4; lastKnownFileType = file.xib; path = RegistViewController.xib; sourceTree = "<group>"; };
		274E8C9B1984A82400A1095A /* SelectViewController.h */ = {isa = PBXFileReference; fileEncoding = 4; lastKnownFileType = sourcecode.c.h; path = SelectViewController.h; sourceTree = "<group>"; };
		274E8C9C1984A82400A1095A /* SelectViewController.m */ = {isa = PBXFileReference; fileEncoding = 4; lastKnownFileType = sourcecode.c.objc; path = SelectViewController.m; sourceTree = "<group>"; };
		274E8C9D1984A82400A1095A /* SelectViewController.xib */ = {isa = PBXFileReference; fileEncoding = 4; lastKnownFileType = file.xib; path = SelectViewController.xib; sourceTree = "<group>"; };
		274E8CA01984A84000A1095A /* CandidateView.h */ = {isa = PBXFileReference; fileEncoding = 4; lastKnownFileType = sourcecode.c.h; path = CandidateView.h; sourceTree = "<group>"; };
		274E8CA11984A84000A1095A /* CandidateView.m */ = {isa = PBXFileReference; fileEncoding = 4; lastKnownFileType = sourcecode.c.objc; path = CandidateView.m; sourceTree = "<group>"; };
		274E8CA21984A84000A1095A /* MatchViewController.h */ = {isa = PBXFileReference; fileEncoding = 4; lastKnownFileType = sourcecode.c.h; path = MatchViewController.h; sourceTree = "<group>"; };
		274E8CA31984A84000A1095A /* MatchViewController.m */ = {isa = PBXFileReference; fileEncoding = 4; lastKnownFileType = sourcecode.c.objc; path = MatchViewController.m; sourceTree = "<group>"; };
		274E8CA61984A87700A1095A /* PKViewController.h */ = {isa = PBXFileReference; fileEncoding = 4; lastKnownFileType = sourcecode.c.h; path = PKViewController.h; sourceTree = "<group>"; };
		274E8CA71984A87700A1095A /* PKViewController.m */ = {isa = PBXFileReference; fileEncoding = 4; lastKnownFileType = sourcecode.c.objc; path = PKViewController.m; sourceTree = "<group>"; };
		274E8CA81984A87700A1095A /* PKViewController.xib */ = {isa = PBXFileReference; fileEncoding = 4; lastKnownFileType = file.xib; path = PKViewController.xib; sourceTree = "<group>"; };
		274E8CA91984A87700A1095A /* QuestionView.h */ = {isa = PBXFileReference; fileEncoding = 4; lastKnownFileType = sourcecode.c.h; path = QuestionView.h; sourceTree = "<group>"; };
		274E8CAA1984A87700A1095A /* QuestionView.m */ = {isa = PBXFileReference; fileEncoding = 4; lastKnownFileType = sourcecode.c.objc; path = QuestionView.m; sourceTree = "<group>"; };
		274E8CAB1984A87700A1095A /* QuestionView.xib */ = {isa = PBXFileReference; fileEncoding = 4; lastKnownFileType = file.xib; path = QuestionView.xib; sourceTree = "<group>"; };
		274E8CB01984A8D900A1095A /* AMProgressView.h */ = {isa = PBXFileReference; fileEncoding = 4; lastKnownFileType = sourcecode.c.h; path = AMProgressView.h; sourceTree = "<group>"; };
		274E8CB11984A8D900A1095A /* AMProgressView.m */ = {isa = PBXFileReference; fileEncoding = 4; lastKnownFileType = sourcecode.c.objc; path = AMProgressView.m; sourceTree = "<group>"; };
		274E8CB21984A8D900A1095A /* AMProgressViewGradient.h */ = {isa = PBXFileReference; fileEncoding = 4; lastKnownFileType = sourcecode.c.h; path = AMProgressViewGradient.h; sourceTree = "<group>"; };
		274E8CB31984A8D900A1095A /* AMProgressViewGradient.m */ = {isa = PBXFileReference; fileEncoding = 4; lastKnownFileType = sourcecode.c.objc; path = AMProgressViewGradient.m; sourceTree = "<group>"; };
		274E8CB41984A8D900A1095A /* UIViewExt.h */ = {isa = PBXFileReference; fileEncoding = 4; lastKnownFileType = sourcecode.c.h; path = UIViewExt.h; sourceTree = "<group>"; };
		274E8CB51984A8D900A1095A /* UIViewExt.m */ = {isa = PBXFileReference; fileEncoding = 4; lastKnownFileType = sourcecode.c.objc; path = UIViewExt.m; sourceTree = "<group>"; };
		274E8CB91984A91A00A1095A /* QuestionOne.h */ = {isa = PBXFileReference; fileEncoding = 4; lastKnownFileType = sourcecode.c.h; path = QuestionOne.h; sourceTree = "<group>"; };
		274E8CBA1984A91A00A1095A /* QuestionOne.m */ = {isa = PBXFileReference; fileEncoding = 4; lastKnownFileType = sourcecode.c.objc; path = QuestionOne.m; sourceTree = "<group>"; };
		274E8CBB1984A91A00A1095A /* QuestionOne.xib */ = {isa = PBXFileReference; fileEncoding = 4; lastKnownFileType = file.xib; path = QuestionOne.xib; sourceTree = "<group>"; };
		E22E4F6C1983AF4800B94C57 /* UIAlertView+Tip.h */ = {isa = PBXFileReference; fileEncoding = 4; lastKnownFileType = sourcecode.c.h; path = "UIAlertView+Tip.h"; sourceTree = "<group>"; };
		E22E4F6D1983AF4800B94C57 /* UIAlertView+Tip.m */ = {isa = PBXFileReference; fileEncoding = 4; lastKnownFileType = sourcecode.c.objc; path = "UIAlertView+Tip.m"; sourceTree = "<group>"; };
		FA0F0A71199311FF00F8A510 /* ExchangeCell.h */ = {isa = PBXFileReference; fileEncoding = 4; lastKnownFileType = sourcecode.c.h; path = ExchangeCell.h; sourceTree = "<group>"; };
		FA0F0A72199311FF00F8A510 /* ExchangeCell.m */ = {isa = PBXFileReference; fileEncoding = 4; lastKnownFileType = sourcecode.c.objc; path = ExchangeCell.m; sourceTree = "<group>"; };
		FA0F0A73199311FF00F8A510 /* ExchangeCell.xib */ = {isa = PBXFileReference; fileEncoding = 4; lastKnownFileType = file.xib; path = ExchangeCell.xib; sourceTree = "<group>"; };
		FA0F0A761993139D00F8A510 /* reward_enterinto@2x.png */ = {isa = PBXFileReference; lastKnownFileType = image.png; path = "reward_enterinto@2x.png"; sourceTree = "<group>"; };
		FA0F0A771993139D00F8A510 /* reward_jindong_50yuan@2x.png */ = {isa = PBXFileReference; lastKnownFileType = image.png; path = "reward_jindong_50yuan@2x.png"; sourceTree = "<group>"; };
		FA0F0A781993139D00F8A510 /* reward_xunlei_month@2x.png */ = {isa = PBXFileReference; lastKnownFileType = image.png; path = "reward_xunlei_month@2x.png"; sourceTree = "<group>"; };
		FA0F0A7C1993148100F8A510 /* ExchangeViewController.h */ = {isa = PBXFileReference; fileEncoding = 4; lastKnownFileType = sourcecode.c.h; path = ExchangeViewController.h; sourceTree = "<group>"; };
		FA0F0A7D1993148100F8A510 /* ExchangeViewController.m */ = {isa = PBXFileReference; fileEncoding = 4; lastKnownFileType = sourcecode.c.objc; path = ExchangeViewController.m; sourceTree = "<group>"; };
		FA0F0AE11993534300F8A510 /* MMDrawerController.h */ = {isa = PBXFileReference; fileEncoding = 4; lastKnownFileType = sourcecode.c.h; path = MMDrawerController.h; sourceTree = "<group>"; };
		FA0F0AE21993534300F8A510 /* MMDrawerController.m */ = {isa = PBXFileReference; fileEncoding = 4; lastKnownFileType = sourcecode.c.objc; path = MMDrawerController.m; sourceTree = "<group>"; };
		FA0F0AE31993534300F8A510 /* MMDrawerController+Subclass.h */ = {isa = PBXFileReference; fileEncoding = 4; lastKnownFileType = sourcecode.c.h; path = "MMDrawerController+Subclass.h"; sourceTree = "<group>"; };
		FA0F0AE41993534300F8A510 /* UIViewController+MMDrawerController.h */ = {isa = PBXFileReference; fileEncoding = 4; lastKnownFileType = sourcecode.c.h; path = "UIViewController+MMDrawerController.h"; sourceTree = "<group>"; };
		FA0F0AE51993534300F8A510 /* UIViewController+MMDrawerController.m */ = {isa = PBXFileReference; fileEncoding = 4; lastKnownFileType = sourcecode.c.objc; path = "UIViewController+MMDrawerController.m"; sourceTree = "<group>"; };
		FA0F0AE61993534300F8A510 /* MMDrawerBarButtonItem.h */ = {isa = PBXFileReference; fileEncoding = 4; lastKnownFileType = sourcecode.c.h; path = MMDrawerBarButtonItem.h; sourceTree = "<group>"; };
		FA0F0AE71993534300F8A510 /* MMDrawerBarButtonItem.m */ = {isa = PBXFileReference; fileEncoding = 4; lastKnownFileType = sourcecode.c.objc; path = MMDrawerBarButtonItem.m; sourceTree = "<group>"; };
		FA0F0AE81993534300F8A510 /* MMDrawerVisualState.h */ = {isa = PBXFileReference; fileEncoding = 4; lastKnownFileType = sourcecode.c.h; path = MMDrawerVisualState.h; sourceTree = "<group>"; };
		FA0F0AE91993534300F8A510 /* MMDrawerVisualState.m */ = {isa = PBXFileReference; fileEncoding = 4; lastKnownFileType = sourcecode.c.objc; path = MMDrawerVisualState.m; sourceTree = "<group>"; };
		FA0F0AEA1993534300F8A510 /* MMExampleDrawerVisualStateManager.h */ = {isa = PBXFileReference; fileEncoding = 4; lastKnownFileType = sourcecode.c.h; path = MMExampleDrawerVisualStateManager.h; sourceTree = "<group>"; };
		FA0F0AEB1993534300F8A510 /* MMExampleDrawerVisualStateManager.m */ = {isa = PBXFileReference; fileEncoding = 4; lastKnownFileType = sourcecode.c.objc; path = MMExampleDrawerVisualStateManager.m; sourceTree = "<group>"; };
		FA0F0AF41993549500F8A510 /* UIWindow+Set.h */ = {isa = PBXFileReference; fileEncoding = 4; lastKnownFileType = sourcecode.c.h; path = "UIWindow+Set.h"; sourceTree = "<group>"; };
		FA0F0AF51993549500F8A510 /* UIWindow+Set.m */ = {isa = PBXFileReference; fileEncoding = 4; lastKnownFileType = sourcecode.c.objc; path = "UIWindow+Set.m"; sourceTree = "<group>"; };
		FA0F0AF8199359E700F8A510 /* BaseNavigationController.h */ = {isa = PBXFileReference; fileEncoding = 4; lastKnownFileType = sourcecode.c.h; path = BaseNavigationController.h; sourceTree = "<group>"; };
		FA0F0AF9199359E700F8A510 /* BaseNavigationController.m */ = {isa = PBXFileReference; fileEncoding = 4; lastKnownFileType = sourcecode.c.objc; path = BaseNavigationController.m; sourceTree = "<group>"; };
		FA0F0B00199367E800F8A510 /* SetViewController.h */ = {isa = PBXFileReference; fileEncoding = 4; lastKnownFileType = sourcecode.c.h; path = SetViewController.h; sourceTree = "<group>"; };
		FA0F0B01199367E800F8A510 /* SetViewController.m */ = {isa = PBXFileReference; fileEncoding = 4; lastKnownFileType = sourcecode.c.objc; path = SetViewController.m; sourceTree = "<group>"; };
		FA0F0B02199367E800F8A510 /* SetViewController.xib */ = {isa = PBXFileReference; fileEncoding = 4; lastKnownFileType = file.xib; path = SetViewController.xib; sourceTree = "<group>"; };
		FA3C64481991CB9700DA3744 /* home_close@2x.png */ = {isa = PBXFileReference; lastKnownFileType = image.png; path = "home_close@2x.png"; sourceTree = "<group>"; };
		FA3C64491991CB9700DA3744 /* home_open@2x.png */ = {isa = PBXFileReference; lastKnownFileType = image.png; path = "home_open@2x.png"; sourceTree = "<group>"; };
		FA3C6451199227A300DA3744 /* home_rank@2x.png */ = {isa = PBXFileReference; lastKnownFileType = image.png; path = "home_rank@2x.png"; sourceTree = "<group>"; };
		FA3C645319922E7600DA3744 /* home_begin@2x.png */ = {isa = PBXFileReference; lastKnownFileType = image.png; path = "home_begin@2x.png"; sourceTree = "<group>"; };
		FA3C645419922E7600DA3744 /* home_challenge@2x.png */ = {isa = PBXFileReference; lastKnownFileType = image.png; path = "home_challenge@2x.png"; sourceTree = "<group>"; };
		FA3C645519922E7600DA3744 /* home_discuss@2x.png */ = {isa = PBXFileReference; lastKnownFileType = image.png; path = "home_discuss@2x.png"; sourceTree = "<group>"; };
		FA3C64591992301E00DA3744 /* home_menu@2x.png */ = {isa = PBXFileReference; lastKnownFileType = image.png; path = "home_menu@2x.png"; sourceTree = "<group>"; };
		FA3C645A1992301E00DA3744 /* home_reward@2x.png */ = {isa = PBXFileReference; lastKnownFileType = image.png; path = "home_reward@2x.png"; sourceTree = "<group>"; };
		FA5E5BFD197DF59C008706F6 /* match_cancel_btn_normal@2x.png */ = {isa = PBXFileReference; lastKnownFileType = image.png; path = "match_cancel_btn_normal@2x.png"; sourceTree = "<group>"; };
		FA65A59F198B380A00CB48FC /* BaseViewController.h */ = {isa = PBXFileReference; fileEncoding = 4; lastKnownFileType = sourcecode.c.h; path = BaseViewController.h; sourceTree = "<group>"; };
		FA65A5A0198B380A00CB48FC /* BaseViewController.m */ = {isa = PBXFileReference; fileEncoding = 4; lastKnownFileType = sourcecode.c.objc; path = BaseViewController.m; sourceTree = "<group>"; };
		FA91FE961991C823007848C6 /* SelectTableViewCell.h */ = {isa = PBXFileReference; fileEncoding = 4; lastKnownFileType = sourcecode.c.h; path = SelectTableViewCell.h; sourceTree = "<group>"; };
		FA91FE971991C823007848C6 /* SelectTableViewCell.m */ = {isa = PBXFileReference; fileEncoding = 4; lastKnownFileType = sourcecode.c.objc; path = SelectTableViewCell.m; sourceTree = "<group>"; };
		FA91FE981991C823007848C6 /* SelectTableViewCell.xib */ = {isa = PBXFileReference; fileEncoding = 4; lastKnownFileType = file.xib; path = SelectTableViewCell.xib; sourceTree = "<group>"; };
		FAB19109197CBB42005338B8 /* Answer.app */ = {isa = PBXFileReference; explicitFileType = wrapper.application; includeInIndex = 0; path = Answer.app; sourceTree = BUILT_PRODUCTS_DIR; };
		FAB1910C197CBB42005338B8 /* Foundation.framework */ = {isa = PBXFileReference; lastKnownFileType = wrapper.framework; name = Foundation.framework; path = System/Library/Frameworks/Foundation.framework; sourceTree = SDKROOT; };
		FAB1910E197CBB42005338B8 /* CoreGraphics.framework */ = {isa = PBXFileReference; lastKnownFileType = wrapper.framework; name = CoreGraphics.framework; path = System/Library/Frameworks/CoreGraphics.framework; sourceTree = SDKROOT; };
		FAB19110197CBB42005338B8 /* UIKit.framework */ = {isa = PBXFileReference; lastKnownFileType = wrapper.framework; name = UIKit.framework; path = System/Library/Frameworks/UIKit.framework; sourceTree = SDKROOT; };
		FAB19114197CBB42005338B8 /* Answer-Info.plist */ = {isa = PBXFileReference; lastKnownFileType = text.plist.xml; path = "Answer-Info.plist"; sourceTree = "<group>"; };
		FAB19116197CBB42005338B8 /* en */ = {isa = PBXFileReference; lastKnownFileType = text.plist.strings; name = en; path = en.lproj/InfoPlist.strings; sourceTree = "<group>"; };
		FAB19118197CBB42005338B8 /* main.m */ = {isa = PBXFileReference; lastKnownFileType = sourcecode.c.objc; path = main.m; sourceTree = "<group>"; };
		FAB1911A197CBB42005338B8 /* Answer-Prefix.pch */ = {isa = PBXFileReference; lastKnownFileType = sourcecode.c.h; path = "Answer-Prefix.pch"; sourceTree = "<group>"; };
		FAB1911B197CBB42005338B8 /* AppDelegate.h */ = {isa = PBXFileReference; lastKnownFileType = sourcecode.c.h; path = AppDelegate.h; sourceTree = "<group>"; };
		FAB1911C197CBB42005338B8 /* AppDelegate.m */ = {isa = PBXFileReference; lastKnownFileType = sourcecode.c.objc; path = AppDelegate.m; sourceTree = "<group>"; };
		FAB1911F197CBB42005338B8 /* Base */ = {isa = PBXFileReference; lastKnownFileType = file.storyboard; name = Base; path = Base.lproj/Main.storyboard; sourceTree = "<group>"; };
		FAB19124197CBB42005338B8 /* Images.xcassets */ = {isa = PBXFileReference; lastKnownFileType = folder.assetcatalog; path = Images.xcassets; sourceTree = "<group>"; };
		FAB1912A197CBB42005338B8 /* AnswerTests.xctest */ = {isa = PBXFileReference; explicitFileType = wrapper.cfbundle; includeInIndex = 0; path = AnswerTests.xctest; sourceTree = BUILT_PRODUCTS_DIR; };
		FAB1912B197CBB42005338B8 /* XCTest.framework */ = {isa = PBXFileReference; lastKnownFileType = wrapper.framework; name = XCTest.framework; path = Library/Frameworks/XCTest.framework; sourceTree = DEVELOPER_DIR; };
		FAB19133197CBB42005338B8 /* AnswerTests-Info.plist */ = {isa = PBXFileReference; lastKnownFileType = text.plist.xml; path = "AnswerTests-Info.plist"; sourceTree = "<group>"; };
		FAB19135197CBB42005338B8 /* en */ = {isa = PBXFileReference; lastKnownFileType = text.plist.strings; name = en; path = en.lproj/InfoPlist.strings; sourceTree = "<group>"; };
		FAB19137197CBB42005338B8 /* AnswerTests.m */ = {isa = PBXFileReference; lastKnownFileType = sourcecode.c.objc; path = AnswerTests.m; sourceTree = "<group>"; };
		FAB19146197CBCBB005338B8 /* Macros.h */ = {isa = PBXFileReference; fileEncoding = 4; lastKnownFileType = sourcecode.c.h; path = Macros.h; sourceTree = "<group>"; };
		FAB19150197CC18F005338B8 /* UIView+Label.h */ = {isa = PBXFileReference; fileEncoding = 4; lastKnownFileType = sourcecode.c.h; path = "UIView+Label.h"; sourceTree = "<group>"; };
		FAB19151197CC18F005338B8 /* UIView+Label.m */ = {isa = PBXFileReference; fileEncoding = 4; lastKnownFileType = sourcecode.c.objc; path = "UIView+Label.m"; sourceTree = "<group>"; };
		FAB19166197CF904005338B8 /* Icon-29.png */ = {isa = PBXFileReference; lastKnownFileType = image.png; path = "Icon-29.png"; sourceTree = "<group>"; };
		FAB19167197CF904005338B8 /* Icon-29@2x.png */ = {isa = PBXFileReference; lastKnownFileType = image.png; path = "Icon-29@2x.png"; sourceTree = "<group>"; };
		FAB19168197CF904005338B8 /* Icon-40.png */ = {isa = PBXFileReference; lastKnownFileType = image.png; path = "Icon-40.png"; sourceTree = "<group>"; };
		FAB19169197CF904005338B8 /* Icon-40@2x.png */ = {isa = PBXFileReference; lastKnownFileType = image.png; path = "Icon-40@2x.png"; sourceTree = "<group>"; };
		FAB1916A197CF904005338B8 /* Icon-60.png */ = {isa = PBXFileReference; lastKnownFileType = image.png; path = "Icon-60.png"; sourceTree = "<group>"; };
		FAB1916B197CF904005338B8 /* Icon-60@2x.png */ = {isa = PBXFileReference; lastKnownFileType = image.png; path = "Icon-60@2x.png"; sourceTree = "<group>"; };
		FAB1916C197CF904005338B8 /* Icon-72.png */ = {isa = PBXFileReference; lastKnownFileType = image.png; path = "Icon-72.png"; sourceTree = "<group>"; };
		FAB1916D197CF904005338B8 /* Icon-72@2x.png */ = {isa = PBXFileReference; lastKnownFileType = image.png; path = "Icon-72@2x.png"; sourceTree = "<group>"; };
		FAB1916E197CF904005338B8 /* Icon-76.png */ = {isa = PBXFileReference; lastKnownFileType = image.png; path = "Icon-76.png"; sourceTree = "<group>"; };
		FAB1916F197CF904005338B8 /* Icon-76@2x.png */ = {isa = PBXFileReference; lastKnownFileType = image.png; path = "Icon-76@2x.png"; sourceTree = "<group>"; };
		FAB1917A197CF94B005338B8 /* Icon.png */ = {isa = PBXFileReference; lastKnownFileType = image.png; path = Icon.png; sourceTree = "<group>"; };
		FAB1917B197CF94B005338B8 /* Icon@2x.png */ = {isa = PBXFileReference; lastKnownFileType = image.png; path = "Icon@2x.png"; sourceTree = "<group>"; };
		FAB1917E197CF954005338B8 /* Icon-Small-50.png */ = {isa = PBXFileReference; lastKnownFileType = image.png; path = "Icon-Small-50.png"; sourceTree = "<group>"; };
		FAB1917F197CF954005338B8 /* Icon-Small-50@2x.png */ = {isa = PBXFileReference; lastKnownFileType = image.png; path = "Icon-Small-50@2x.png"; sourceTree = "<group>"; };
		FAB19180197CF954005338B8 /* Icon-Small.png */ = {isa = PBXFileReference; lastKnownFileType = image.png; path = "Icon-Small.png"; sourceTree = "<group>"; };
		FAB19181197CF954005338B8 /* Icon-Small@2x.png */ = {isa = PBXFileReference; lastKnownFileType = image.png; path = "Icon-Small@2x.png"; sourceTree = "<group>"; };
		FAB19186197CF95D005338B8 /* iTunesArtwork.png */ = {isa = PBXFileReference; lastKnownFileType = image.png; path = iTunesArtwork.png; sourceTree = "<group>"; };
		FAB19187197CF95D005338B8 /* iTunesArtwork@2x.png */ = {isa = PBXFileReference; lastKnownFileType = image.png; path = "iTunesArtwork@2x.png"; sourceTree = "<group>"; };
		FAB1918A197CF9A1005338B8 /* Default-568h@2x.png */ = {isa = PBXFileReference; lastKnownFileType = image.png; path = "Default-568h@2x.png"; sourceTree = "<group>"; };
		FAB1918D197CF9A1005338B8 /* Default.png */ = {isa = PBXFileReference; lastKnownFileType = image.png; path = Default.png; sourceTree = "<group>"; };
		FAB1918E197CF9A1005338B8 /* Default@2x.png */ = {isa = PBXFileReference; lastKnownFileType = image.png; path = "Default@2x.png"; sourceTree = "<group>"; };
		FAB1919D197D0C5B005338B8 /* persons-random-preamble-1024@2x.png */ = {isa = PBXFileReference; lastKnownFileType = image.png; path = "persons-random-preamble-1024@2x.png"; sourceTree = "<group>"; };
		FAB191A5197D1693005338B8 /* cat-large@2x.png */ = {isa = PBXFileReference; lastKnownFileType = image.png; path = "cat-large@2x.png"; sourceTree = "<group>"; };
		FAB191A6197D1693005338B8 /* dog-large@2x.png */ = {isa = PBXFileReference; lastKnownFileType = image.png; path = "dog-large@2x.png"; sourceTree = "<group>"; };
		FAB191A7197D1693005338B8 /* ghost-large@2x.png */ = {isa = PBXFileReference; lastKnownFileType = image.png; path = "ghost-large@2x.png"; sourceTree = "<group>"; };
		FAB191A8197D1693005338B8 /* gorilla-large@2x.png */ = {isa = PBXFileReference; lastKnownFileType = image.png; path = "gorilla-large@2x.png"; sourceTree = "<group>"; };
		FAB191A9197D1693005338B8 /* ninja-large@2x.png */ = {isa = PBXFileReference; lastKnownFileType = image.png; path = "ninja-large@2x.png"; sourceTree = "<group>"; };
		FAB191AA197D1693005338B8 /* owl-large@2x.png */ = {isa = PBXFileReference; lastKnownFileType = image.png; path = "owl-large@2x.png"; sourceTree = "<group>"; };
		FAB191AB197D1693005338B8 /* panda-large@2x.png */ = {isa = PBXFileReference; lastKnownFileType = image.png; path = "panda-large@2x.png"; sourceTree = "<group>"; };
		FAB191AC197D1693005338B8 /* pig-large@2x.png */ = {isa = PBXFileReference; lastKnownFileType = image.png; path = "pig-large@2x.png"; sourceTree = "<group>"; };
		FAB191AD197D1693005338B8 /* skull-large@2x.png */ = {isa = PBXFileReference; lastKnownFileType = image.png; path = "skull-large@2x.png"; sourceTree = "<group>"; };
		FAB191AE197D1693005338B8 /* snake-large@2x.png */ = {isa = PBXFileReference; lastKnownFileType = image.png; path = "snake-large@2x.png"; sourceTree = "<group>"; };
		FABB7766198B1EBF00FEF5A3 /* login_icon@2x.png */ = {isa = PBXFileReference; lastKnownFileType = image.png; path = "login_icon@2x.png"; sourceTree = "<group>"; };
		FABB7767198B1EBF00FEF5A3 /* login_name@2x.png */ = {isa = PBXFileReference; lastKnownFileType = image.png; path = "login_name@2x.png"; sourceTree = "<group>"; };
		FABB7768198B1EBF00FEF5A3 /* reg_head@2x.png */ = {isa = PBXFileReference; lastKnownFileType = image.png; path = "reg_head@2x.png"; sourceTree = "<group>"; };
/* End PBXFileReference section */

/* Begin PBXFrameworksBuildPhase section */
		FAB19106197CBB42005338B8 /* Frameworks */ = {
			isa = PBXFrameworksBuildPhase;
			buildActionMask = 2147483647;
			files = (
				FAB1910F197CBB42005338B8 /* CoreGraphics.framework in Frameworks */,
				FAB19111197CBB42005338B8 /* UIKit.framework in Frameworks */,
				FAB1910D197CBB42005338B8 /* Foundation.framework in Frameworks */,
			);
			runOnlyForDeploymentPostprocessing = 0;
		};
		FAB19127197CBB42005338B8 /* Frameworks */ = {
			isa = PBXFrameworksBuildPhase;
			buildActionMask = 2147483647;
			files = (
				FAB1912C197CBB42005338B8 /* XCTest.framework in Frameworks */,
				FAB1912E197CBB42005338B8 /* UIKit.framework in Frameworks */,
				FAB1912D197CBB42005338B8 /* Foundation.framework in Frameworks */,
			);
			runOnlyForDeploymentPostprocessing = 0;
		};
/* End PBXFrameworksBuildPhase section */

/* Begin PBXGroup section */
		E22E4F6619839D0100B94C57 /* Login_Regist */ = {
			isa = PBXGroup;
			children = (
				274E8C8E1984A7F400A1095A /* LoginCustionBtn.h */,
				274E8C8F1984A7F400A1095A /* LoginCustionBtn.m */,
				274E8C901984A7F400A1095A /* LoginViewController.h */,
				274E8C911984A7F400A1095A /* LoginViewController.m */,
				274E8C921984A7F400A1095A /* LoginViewController.xib */,
				274E8C931984A7F400A1095A /* RegistViewController.h */,
				274E8C941984A7F400A1095A /* RegistViewController.m */,
				274E8C951984A7F400A1095A /* RegistViewController.xib */,
			);
			path = Login_Regist;
			sourceTree = "<group>";
		};
		E22E4F6819839D6E00B94C57 /* RootVC */ = {
			isa = PBXGroup;
			children = (
				274E8C8B1984A79D00A1095A /* ViewController.h */,
				274E8C8C1984A79D00A1095A /* ViewController.m */,
			);
			path = RootVC;
			sourceTree = "<group>";
		};
		E22E4F6919839DAC00B94C57 /* Game */ = {
			isa = PBXGroup;
			children = (
				274E8CB91984A91A00A1095A /* QuestionOne.h */,
				274E8CBA1984A91A00A1095A /* QuestionOne.m */,
				274E8CBB1984A91A00A1095A /* QuestionOne.xib */,
				274E8CA61984A87700A1095A /* PKViewController.h */,
				274E8CA71984A87700A1095A /* PKViewController.m */,
				274E8CA81984A87700A1095A /* PKViewController.xib */,
				274E8CA91984A87700A1095A /* QuestionView.h */,
				274E8CAA1984A87700A1095A /* QuestionView.m */,
				274E8CAB1984A87700A1095A /* QuestionView.xib */,
			);
			path = Game;
			sourceTree = "<group>";
		};
		E22E4F6A19839E1100B94C57 /* Matching */ = {
			isa = PBXGroup;
			children = (
				274E8CA01984A84000A1095A /* CandidateView.h */,
				274E8CA11984A84000A1095A /* CandidateView.m */,
				274E8CA21984A84000A1095A /* MatchViewController.h */,
				274E8CA31984A84000A1095A /* MatchViewController.m */,
			);
			path = Matching;
			sourceTree = "<group>";
		};
		E22E4F6B19839E7B00B94C57 /* PrepareGame */ = {
			isa = PBXGroup;
			children = (
				274E8C9B1984A82400A1095A /* SelectViewController.h */,
				274E8C9C1984A82400A1095A /* SelectViewController.m */,
				274E8C9D1984A82400A1095A /* SelectViewController.xib */,
				FA91FE961991C823007848C6 /* SelectTableViewCell.h */,
				FA91FE971991C823007848C6 /* SelectTableViewCell.m */,
				FA91FE981991C823007848C6 /* SelectTableViewCell.xib */,
			);
			path = PrepareGame;
			sourceTree = "<group>";
		};
		FA0F0A70199311E200F8A510 /* Exchange */ = {
			isa = PBXGroup;
			children = (
				FA0F0A7C1993148100F8A510 /* ExchangeViewController.h */,
				FA0F0A7D1993148100F8A510 /* ExchangeViewController.m */,
				FA0F0A71199311FF00F8A510 /* ExchangeCell.h */,
				FA0F0A72199311FF00F8A510 /* ExchangeCell.m */,
				FA0F0A73199311FF00F8A510 /* ExchangeCell.xib */,
			);
			path = Exchange;
			sourceTree = "<group>";
		};
		FA0F0AE01993532C00F8A510 /* MMDrawerController */ = {
			isa = PBXGroup;
			children = (
				FA0F0AE11993534300F8A510 /* MMDrawerController.h */,
				FA0F0AE21993534300F8A510 /* MMDrawerController.m */,
				FA0F0AE31993534300F8A510 /* MMDrawerController+Subclass.h */,
				FA0F0AE41993534300F8A510 /* UIViewController+MMDrawerController.h */,
				FA0F0AE51993534300F8A510 /* UIViewController+MMDrawerController.m */,
				FA0F0AE61993534300F8A510 /* MMDrawerBarButtonItem.h */,
				FA0F0AE71993534300F8A510 /* MMDrawerBarButtonItem.m */,
				FA0F0AE81993534300F8A510 /* MMDrawerVisualState.h */,
				FA0F0AE91993534300F8A510 /* MMDrawerVisualState.m */,
				FA0F0AEA1993534300F8A510 /* MMExampleDrawerVisualStateManager.h */,
				FA0F0AEB1993534300F8A510 /* MMExampleDrawerVisualStateManager.m */,
			);
			path = MMDrawerController;
			sourceTree = "<group>";
		};
		FA0F0AF71993596C00F8A510 /* NavBaseViewController */ = {
			isa = PBXGroup;
			children = (
				FA0F0AF8199359E700F8A510 /* BaseNavigationController.h */,
				FA0F0AF9199359E700F8A510 /* BaseNavigationController.m */,
			);
			path = NavBaseViewController;
			sourceTree = "<group>";
		};
		FA0F0AFF1993678900F8A510 /* SetViewController */ = {
			isa = PBXGroup;
			children = (
				FA0F0B00199367E800F8A510 /* SetViewController.h */,
				FA0F0B01199367E800F8A510 /* SetViewController.m */,
				FA0F0B02199367E800F8A510 /* SetViewController.xib */,
			);
			path = SetViewController;
			sourceTree = "<group>";
		};
		FA65A59E198B37E500CB48FC /* BaseVC */ = {
			isa = PBXGroup;
			children = (
				FA65A59F198B380A00CB48FC /* BaseViewController.h */,
				FA65A5A0198B380A00CB48FC /* BaseViewController.m */,
			);
			path = BaseVC;
			sourceTree = "<group>";
		};
		FAB19100197CBB42005338B8 = {
			isa = PBXGroup;
			children = (
				FAB19112197CBB42005338B8 /* Answer */,
				FAB19131197CBB42005338B8 /* AnswerTests */,
				FAB1910B197CBB42005338B8 /* Frameworks */,
				FAB1910A197CBB42005338B8 /* Products */,
			);
			sourceTree = "<group>";
		};
		FAB1910A197CBB42005338B8 /* Products */ = {
			isa = PBXGroup;
			children = (
				FAB19109197CBB42005338B8 /* Answer.app */,
				FAB1912A197CBB42005338B8 /* AnswerTests.xctest */,
			);
			name = Products;
			sourceTree = "<group>";
		};
		FAB1910B197CBB42005338B8 /* Frameworks */ = {
			isa = PBXGroup;
			children = (
				FAB1910C197CBB42005338B8 /* Foundation.framework */,
				FAB1910E197CBB42005338B8 /* CoreGraphics.framework */,
				FAB19110197CBB42005338B8 /* UIKit.framework */,
				FAB1912B197CBB42005338B8 /* XCTest.framework */,
			);
			name = Frameworks;
			sourceTree = "<group>";
		};
		FAB19112197CBB42005338B8 /* Answer */ = {
			isa = PBXGroup;
			children = (
				FA0F0AFF1993678900F8A510 /* SetViewController */,
				FA0F0AF71993596C00F8A510 /* NavBaseViewController */,
				FA0F0A70199311E200F8A510 /* Exchange */,
				FA65A59E198B37E500CB48FC /* BaseVC */,
				E22E4F6B19839E7B00B94C57 /* PrepareGame */,
				E22E4F6A19839E1100B94C57 /* Matching */,
				E22E4F6919839DAC00B94C57 /* Game */,
				E22E4F6819839D6E00B94C57 /* RootVC */,
				E22E4F6619839D0100B94C57 /* Login_Regist */,
				FAB1911B197CBB42005338B8 /* AppDelegate.h */,
				FAB1911C197CBB42005338B8 /* AppDelegate.m */,
				FAB1911E197CBB42005338B8 /* Main.storyboard */,
				FAB19124197CBB42005338B8 /* Images.xcassets */,
				FAB1914F197CC138005338B8 /* Category */,
				FAB19145197CBC6C005338B8 /* Utility */,
				FAB1914A197CBEEF005338B8 /* Libs */,
				FAB19141197CBC09005338B8 /* IMAGE */,
				FAB19113197CBB42005338B8 /* Supporting Files */,
			);
			path = Answer;
			sourceTree = "<group>";
		};
		FAB19113197CBB42005338B8 /* Supporting Files */ = {
			isa = PBXGroup;
			children = (
				FAB1918A197CF9A1005338B8 /* Default-568h@2x.png */,
				FAB1918D197CF9A1005338B8 /* Default.png */,
				FAB1918E197CF9A1005338B8 /* Default@2x.png */,
				FAB19186197CF95D005338B8 /* iTunesArtwork.png */,
				FAB19187197CF95D005338B8 /* iTunesArtwork@2x.png */,
				FAB1917E197CF954005338B8 /* Icon-Small-50.png */,
				FAB1917F197CF954005338B8 /* Icon-Small-50@2x.png */,
				FAB19180197CF954005338B8 /* Icon-Small.png */,
				FAB19181197CF954005338B8 /* Icon-Small@2x.png */,
				FAB1917A197CF94B005338B8 /* Icon.png */,
				FAB1917B197CF94B005338B8 /* Icon@2x.png */,
				FAB19166197CF904005338B8 /* Icon-29.png */,
				FAB19167197CF904005338B8 /* Icon-29@2x.png */,
				FAB19168197CF904005338B8 /* Icon-40.png */,
				FAB19169197CF904005338B8 /* Icon-40@2x.png */,
				FAB1916A197CF904005338B8 /* Icon-60.png */,
				FAB1916B197CF904005338B8 /* Icon-60@2x.png */,
				FAB1916C197CF904005338B8 /* Icon-72.png */,
				FAB1916D197CF904005338B8 /* Icon-72@2x.png */,
				FAB1916E197CF904005338B8 /* Icon-76.png */,
				FAB1916F197CF904005338B8 /* Icon-76@2x.png */,
				FAB19114197CBB42005338B8 /* Answer-Info.plist */,
				FAB19115197CBB42005338B8 /* InfoPlist.strings */,
				FAB19118197CBB42005338B8 /* main.m */,
				FAB1911A197CBB42005338B8 /* Answer-Prefix.pch */,
			);
			name = "Supporting Files";
			sourceTree = "<group>";
		};
		FAB19131197CBB42005338B8 /* AnswerTests */ = {
			isa = PBXGroup;
			children = (
				FAB19137197CBB42005338B8 /* AnswerTests.m */,
				FAB19132197CBB42005338B8 /* Supporting Files */,
			);
			path = AnswerTests;
			sourceTree = "<group>";
		};
		FAB19132197CBB42005338B8 /* Supporting Files */ = {
			isa = PBXGroup;
			children = (
				FAB19133197CBB42005338B8 /* AnswerTests-Info.plist */,
				FAB19134197CBB42005338B8 /* InfoPlist.strings */,
			);
			name = "Supporting Files";
			sourceTree = "<group>";
		};
		FAB19141197CBC09005338B8 /* IMAGE */ = {
			isa = PBXGroup;
			children = (
				FA0F0A761993139D00F8A510 /* reward_enterinto@2x.png */,
				FA0F0A771993139D00F8A510 /* reward_jindong_50yuan@2x.png */,
				FA0F0A781993139D00F8A510 /* reward_xunlei_month@2x.png */,
				FA3C64591992301E00DA3744 /* home_menu@2x.png */,
				FA3C645A1992301E00DA3744 /* home_reward@2x.png */,
				FA3C645319922E7600DA3744 /* home_begin@2x.png */,
				FA3C645419922E7600DA3744 /* home_challenge@2x.png */,
				FA3C645519922E7600DA3744 /* home_discuss@2x.png */,
				FA3C64481991CB9700DA3744 /* home_close@2x.png */,
				FA3C6451199227A300DA3744 /* home_rank@2x.png */,
				FA3C64491991CB9700DA3744 /* home_open@2x.png */,
				FABB7766198B1EBF00FEF5A3 /* login_icon@2x.png */,
				FABB7767198B1EBF00FEF5A3 /* login_name@2x.png */,
				FABB7768198B1EBF00FEF5A3 /* reg_head@2x.png */,
				FA5E5BFD197DF59C008706F6 /* match_cancel_btn_normal@2x.png */,
				FAB191A5197D1693005338B8 /* cat-large@2x.png */,
				FAB191A6197D1693005338B8 /* dog-large@2x.png */,
				FAB191A7197D1693005338B8 /* ghost-large@2x.png */,
				FAB191A8197D1693005338B8 /* gorilla-large@2x.png */,
				FAB191A9197D1693005338B8 /* ninja-large@2x.png */,
				FAB191AA197D1693005338B8 /* owl-large@2x.png */,
				FAB191AB197D1693005338B8 /* panda-large@2x.png */,
				FAB191AC197D1693005338B8 /* pig-large@2x.png */,
				FAB191AD197D1693005338B8 /* skull-large@2x.png */,
				FAB191AE197D1693005338B8 /* snake-large@2x.png */,
				FAB1919D197D0C5B005338B8 /* persons-random-preamble-1024@2x.png */,
			);
			path = IMAGE;
			sourceTree = "<group>";
		};
		FAB19145197CBC6C005338B8 /* Utility */ = {
			isa = PBXGroup;
			children = (
				FAB19146197CBCBB005338B8 /* Macros.h */,
			);
			path = Utility;
			sourceTree = "<group>";
		};
		FAB1914A197CBEEF005338B8 /* Libs */ = {
			isa = PBXGroup;
			children = (
				FA0F0AE01993532C00F8A510 /* MMDrawerController */,
				274E8CB01984A8D900A1095A /* AMProgressView.h */,
				274E8CB11984A8D900A1095A /* AMProgressView.m */,
				274E8CB21984A8D900A1095A /* AMProgressViewGradient.h */,
				274E8CB31984A8D900A1095A /* AMProgressViewGradient.m */,
				274E8CB41984A8D900A1095A /* UIViewExt.h */,
				274E8CB51984A8D900A1095A /* UIViewExt.m */,
			);
			path = Libs;
			sourceTree = "<group>";
		};
		FAB1914F197CC138005338B8 /* Category */ = {
			isa = PBXGroup;
			children = (
				FAB19150197CC18F005338B8 /* UIView+Label.h */,
				FAB19151197CC18F005338B8 /* UIView+Label.m */,
				E22E4F6C1983AF4800B94C57 /* UIAlertView+Tip.h */,
				E22E4F6D1983AF4800B94C57 /* UIAlertView+Tip.m */,
				FA0F0AF41993549500F8A510 /* UIWindow+Set.h */,
				FA0F0AF51993549500F8A510 /* UIWindow+Set.m */,
			);
			path = Category;
			sourceTree = "<group>";
		};
/* End PBXGroup section */

/* Begin PBXNativeTarget section */
		FAB19108197CBB42005338B8 /* Answer */ = {
			isa = PBXNativeTarget;
			buildConfigurationList = FAB1913B197CBB42005338B8 /* Build configuration list for PBXNativeTarget "Answer" */;
			buildPhases = (
				FAB19105197CBB42005338B8 /* Sources */,
				FAB19106197CBB42005338B8 /* Frameworks */,
				FAB19107197CBB42005338B8 /* Resources */,
			);
			buildRules = (
			);
			dependencies = (
			);
			name = Answer;
			productName = Answer;
			productReference = FAB19109197CBB42005338B8 /* Answer.app */;
			productType = "com.apple.product-type.application";
		};
		FAB19129197CBB42005338B8 /* AnswerTests */ = {
			isa = PBXNativeTarget;
			buildConfigurationList = FAB1913E197CBB42005338B8 /* Build configuration list for PBXNativeTarget "AnswerTests" */;
			buildPhases = (
				FAB19126197CBB42005338B8 /* Sources */,
				FAB19127197CBB42005338B8 /* Frameworks */,
				FAB19128197CBB42005338B8 /* Resources */,
			);
			buildRules = (
			);
			dependencies = (
				FAB19130197CBB42005338B8 /* PBXTargetDependency */,
			);
			name = AnswerTests;
			productName = AnswerTests;
			productReference = FAB1912A197CBB42005338B8 /* AnswerTests.xctest */;
			productType = "com.apple.product-type.bundle.unit-test";
		};
/* End PBXNativeTarget section */

/* Begin PBXProject section */
		FAB19101197CBB42005338B8 /* Project object */ = {
			isa = PBXProject;
			attributes = {
				CLASSPREFIX = LXG;
				LastUpgradeCheck = 0510;
				ORGANIZATIONNAME = Liuxiaoguang;
				TargetAttributes = {
					FAB19129197CBB42005338B8 = {
						TestTargetID = FAB19108197CBB42005338B8;
					};
				};
			};
			buildConfigurationList = FAB19104197CBB42005338B8 /* Build configuration list for PBXProject "Answer" */;
			compatibilityVersion = "Xcode 3.2";
			developmentRegion = English;
			hasScannedForEncodings = 0;
			knownRegions = (
				en,
				Base,
			);
			mainGroup = FAB19100197CBB42005338B8;
			productRefGroup = FAB1910A197CBB42005338B8 /* Products */;
			projectDirPath = "";
			projectRoot = "";
			targets = (
				FAB19108197CBB42005338B8 /* Answer */,
				FAB19129197CBB42005338B8 /* AnswerTests */,
			);
		};
/* End PBXProject section */

/* Begin PBXResourcesBuildPhase section */
		FAB19107197CBB42005338B8 /* Resources */ = {
			isa = PBXResourcesBuildPhase;
			buildActionMask = 2147483647;
			files = (
				FAB19182197CF954005338B8 /* Icon-Small-50.png in Resources */,
				FAB191AF197D1693005338B8 /* cat-large@2x.png in Resources */,
				FAB1917C197CF94B005338B8 /* Icon.png in Resources */,
				FA0F0A75199311FF00F8A510 /* ExchangeCell.xib in Resources */,
				FABB776B198B1EBF00FEF5A3 /* reg_head@2x.png in Resources */,
				FA0F0A7B1993139D00F8A510 /* reward_xunlei_month@2x.png in Resources */,
				FAB19183197CF954005338B8 /* Icon-Small-50@2x.png in Resources */,
				FAB1917D197CF94B005338B8 /* Icon@2x.png in Resources */,
				FAB19177197CF904005338B8 /* Icon-72@2x.png in Resources */,
				274E8CBD1984A91A00A1095A /* QuestionOne.xib in Resources */,
				FA5E5BFE197DF59C008706F6 /* match_cancel_btn_normal@2x.png in Resources */,
				FAB19170197CF904005338B8 /* Icon-29.png in Resources */,
				274E8CAD1984A87700A1095A /* PKViewController.xib in Resources */,
				274E8C981984A7F400A1095A /* LoginViewController.xib in Resources */,
				FAB19178197CF904005338B8 /* Icon-76.png in Resources */,
				FAB19125197CBB42005338B8 /* Images.xcassets in Resources */,
				FAB19184197CF954005338B8 /* Icon-Small.png in Resources */,
				FAB191B2197D1693005338B8 /* gorilla-large@2x.png in Resources */,
				FABB776A198B1EBF00FEF5A3 /* login_name@2x.png in Resources */,
				FAB19192197CF9A1005338B8 /* Default.png in Resources */,
				FAB19188197CF95D005338B8 /* iTunesArtwork.png in Resources */,
				FA0F0A7A1993139D00F8A510 /* reward_jindong_50yuan@2x.png in Resources */,
				FAB19117197CBB42005338B8 /* InfoPlist.strings in Resources */,
				FA3C644A1991CB9700DA3744 /* home_close@2x.png in Resources */,
				FAB19174197CF904005338B8 /* Icon-60.png in Resources */,
				FA3C645719922E7600DA3744 /* home_challenge@2x.png in Resources */,
				FABB7769198B1EBF00FEF5A3 /* login_icon@2x.png in Resources */,
				274E8CAF1984A87700A1095A /* QuestionView.xib in Resources */,
				FAB191B3197D1693005338B8 /* ninja-large@2x.png in Resources */,
				FAB19171197CF904005338B8 /* Icon-29@2x.png in Resources */,
				FAB191B0197D1693005338B8 /* dog-large@2x.png in Resources */,
				FAB191B4197D1693005338B8 /* owl-large@2x.png in Resources */,
				274E8C9A1984A7F400A1095A /* RegistViewController.xib in Resources */,
				FA3C645B1992301E00DA3744 /* home_menu@2x.png in Resources */,
				FA0F0A791993139D00F8A510 /* reward_enterinto@2x.png in Resources */,
				FAB191B6197D1693005338B8 /* pig-large@2x.png in Resources */,
				FAB19120197CBB42005338B8 /* Main.storyboard in Resources */,
				FAB191B5197D1693005338B8 /* panda-large@2x.png in Resources */,
				FAB19176197CF904005338B8 /* Icon-72.png in Resources */,
				FAB191B8197D1693005338B8 /* snake-large@2x.png in Resources */,
				FAB19172197CF904005338B8 /* Icon-40.png in Resources */,
				FA3C6452199227A300DA3744 /* home_rank@2x.png in Resources */,
				FAB19189197CF95D005338B8 /* iTunesArtwork@2x.png in Resources */,
				FAB19173197CF904005338B8 /* Icon-40@2x.png in Resources */,
				FAB19179197CF904005338B8 /* Icon-76@2x.png in Resources */,
				FA91FE9A1991C823007848C6 /* SelectTableViewCell.xib in Resources */,
				FA3C644B1991CB9700DA3744 /* home_open@2x.png in Resources */,
				FAB19175197CF904005338B8 /* Icon-60@2x.png in Resources */,
				FAB19193197CF9A1005338B8 /* Default@2x.png in Resources */,
				FAB191B1197D1693005338B8 /* ghost-large@2x.png in Resources */,
				FAB1918F197CF9A1005338B8 /* Default-568h@2x.png in Resources */,
				FA3C645819922E7600DA3744 /* home_discuss@2x.png in Resources */,
				FA0F0B04199367E800F8A510 /* SetViewController.xib in Resources */,
				274E8C9F1984A82400A1095A /* SelectViewController.xib in Resources */,
				FAB1919E197D0C5B005338B8 /* persons-random-preamble-1024@2x.png in Resources */,
				FAB19185197CF954005338B8 /* Icon-Small@2x.png in Resources */,
				FAB191B7197D1693005338B8 /* skull-large@2x.png in Resources */,
				FA3C645C1992301E00DA3744 /* home_reward@2x.png in Resources */,
				FA3C645619922E7600DA3744 /* home_begin@2x.png in Resources */,
			);
			runOnlyForDeploymentPostprocessing = 0;
		};
		FAB19128197CBB42005338B8 /* Resources */ = {
			isa = PBXResourcesBuildPhase;
			buildActionMask = 2147483647;
			files = (
				FAB19136197CBB42005338B8 /* InfoPlist.strings in Resources */,
			);
			runOnlyForDeploymentPostprocessing = 0;
		};
/* End PBXResourcesBuildPhase section */

/* Begin PBXSourcesBuildPhase section */
		FAB19105197CBB42005338B8 /* Sources */ = {
			isa = PBXSourcesBuildPhase;
			buildActionMask = 2147483647;
			files = (
				FAB19152197CC18F005338B8 /* UIView+Label.m in Sources */,
				FA0F0AEE1993534300F8A510 /* MMDrawerBarButtonItem.m in Sources */,
				FA65A5A1198B380A00CB48FC /* BaseViewController.m in Sources */,
				FA0F0B03199367E800F8A510 /* SetViewController.m in Sources */,
				FAB1911D197CBB42005338B8 /* AppDelegate.m in Sources */,
				274E8C971984A7F400A1095A /* LoginViewController.m in Sources */,
				274E8CBC1984A91A00A1095A /* QuestionOne.m in Sources */,
				274E8CA41984A84000A1095A /* CandidateView.m in Sources */,
				E22E4F6E1983AF4800B94C57 /* UIAlertView+Tip.m in Sources */,
				FA0F0AFA199359E700F8A510 /* BaseNavigationController.m in Sources */,
				FA0F0AF61993549500F8A510 /* UIWindow+Set.m in Sources */,
				274E8C961984A7F400A1095A /* LoginCustionBtn.m in Sources */,
				FA0F0A74199311FF00F8A510 /* ExchangeCell.m in Sources */,
				FAB19119197CBB42005338B8 /* main.m in Sources */,
				FA0F0A7E1993148100F8A510 /* ExchangeViewController.m in Sources */,
				274E8CB61984A8D900A1095A /* AMProgressView.m in Sources */,
				274E8CAC1984A87700A1095A /* PKViewController.m in Sources */,
				274E8CAE1984A87700A1095A /* QuestionView.m in Sources */,
				FA0F0AEC1993534300F8A510 /* MMDrawerController.m in Sources */,
				274E8CA51984A84000A1095A /* MatchViewController.m in Sources */,
				274E8C8D1984A79D00A1095A /* ViewController.m in Sources */,
				FA0F0AED1993534300F8A510 /* UIViewController+MMDrawerController.m in Sources */,
				274E8C991984A7F400A1095A /* RegistViewController.m in Sources */,
				FA0F0AEF1993534300F8A510 /* MMDrawerVisualState.m in Sources */,
				274E8C9E1984A82400A1095A /* SelectViewController.m in Sources */,
				274E8CB71984A8D900A1095A /* AMProgressViewGradient.m in Sources */,
				274E8CB81984A8D900A1095A /* UIViewExt.m in Sources */,
				FA91FE991991C823007848C6 /* SelectTableViewCell.m in Sources */,
				FA0F0AF01993534300F8A510 /* MMExampleDrawerVisualStateManager.m in Sources */,
			);
			runOnlyForDeploymentPostprocessing = 0;
		};
		FAB19126197CBB42005338B8 /* Sources */ = {
			isa = PBXSourcesBuildPhase;
			buildActionMask = 2147483647;
			files = (
				FAB19138197CBB42005338B8 /* AnswerTests.m in Sources */,
				FAB19153197CC18F005338B8 /* UIView+Label.m in Sources */,
			);
			runOnlyForDeploymentPostprocessing = 0;
		};
/* End PBXSourcesBuildPhase section */

/* Begin PBXTargetDependency section */
		FAB19130197CBB42005338B8 /* PBXTargetDependency */ = {
			isa = PBXTargetDependency;
			target = FAB19108197CBB42005338B8 /* Answer */;
			targetProxy = FAB1912F197CBB42005338B8 /* PBXContainerItemProxy */;
		};
/* End PBXTargetDependency section */

/* Begin PBXVariantGroup section */
		FAB19115197CBB42005338B8 /* InfoPlist.strings */ = {
			isa = PBXVariantGroup;
			children = (
				FAB19116197CBB42005338B8 /* en */,
			);
			name = InfoPlist.strings;
			sourceTree = "<group>";
		};
		FAB1911E197CBB42005338B8 /* Main.storyboard */ = {
			isa = PBXVariantGroup;
			children = (
				FAB1911F197CBB42005338B8 /* Base */,
			);
			name = Main.storyboard;
			sourceTree = "<group>";
		};
		FAB19134197CBB42005338B8 /* InfoPlist.strings */ = {
			isa = PBXVariantGroup;
			children = (
				FAB19135197CBB42005338B8 /* en */,
			);
			name = InfoPlist.strings;
			sourceTree = "<group>";
		};
/* End PBXVariantGroup section */

/* Begin XCBuildConfiguration section */
		FAB19139197CBB42005338B8 /* Debug */ = {
			isa = XCBuildConfiguration;
			buildSettings = {
				ALWAYS_SEARCH_USER_PATHS = NO;
				CLANG_CXX_LANGUAGE_STANDARD = "gnu++0x";
				CLANG_CXX_LIBRARY = "libc++";
				CLANG_ENABLE_MODULES = YES;
				CLANG_ENABLE_OBJC_ARC = YES;
				CLANG_WARN_BOOL_CONVERSION = YES;
				CLANG_WARN_CONSTANT_CONVERSION = YES;
				CLANG_WARN_DIRECT_OBJC_ISA_USAGE = YES_ERROR;
				CLANG_WARN_EMPTY_BODY = YES;
				CLANG_WARN_ENUM_CONVERSION = YES;
				CLANG_WARN_INT_CONVERSION = YES;
				CLANG_WARN_OBJC_ROOT_CLASS = YES_ERROR;
				CLANG_WARN__DUPLICATE_METHOD_MATCH = YES;
				"CODE_SIGN_IDENTITY[sdk=iphoneos*]" = "iPhone Developer";
				COPY_PHASE_STRIP = NO;
				GCC_C_LANGUAGE_STANDARD = gnu99;
				GCC_DYNAMIC_NO_PIC = NO;
				GCC_OPTIMIZATION_LEVEL = 0;
				GCC_PREPROCESSOR_DEFINITIONS = (
					"DEBUG=1",
					"$(inherited)",
				);
				GCC_SYMBOLS_PRIVATE_EXTERN = NO;
				GCC_WARN_64_TO_32_BIT_CONVERSION = YES;
				GCC_WARN_ABOUT_RETURN_TYPE = YES_ERROR;
				GCC_WARN_UNDECLARED_SELECTOR = YES;
				GCC_WARN_UNINITIALIZED_AUTOS = YES_AGGRESSIVE;
				GCC_WARN_UNUSED_FUNCTION = YES;
				GCC_WARN_UNUSED_VARIABLE = YES;
				IPHONEOS_DEPLOYMENT_TARGET = 7.1;
				ONLY_ACTIVE_ARCH = YES;
				SDKROOT = iphoneos;
			};
			name = Debug;
		};
		FAB1913A197CBB42005338B8 /* Release */ = {
			isa = XCBuildConfiguration;
			buildSettings = {
				ALWAYS_SEARCH_USER_PATHS = NO;
				CLANG_CXX_LANGUAGE_STANDARD = "gnu++0x";
				CLANG_CXX_LIBRARY = "libc++";
				CLANG_ENABLE_MODULES = YES;
				CLANG_ENABLE_OBJC_ARC = YES;
				CLANG_WARN_BOOL_CONVERSION = YES;
				CLANG_WARN_CONSTANT_CONVERSION = YES;
				CLANG_WARN_DIRECT_OBJC_ISA_USAGE = YES_ERROR;
				CLANG_WARN_EMPTY_BODY = YES;
				CLANG_WARN_ENUM_CONVERSION = YES;
				CLANG_WARN_INT_CONVERSION = YES;
				CLANG_WARN_OBJC_ROOT_CLASS = YES_ERROR;
				CLANG_WARN__DUPLICATE_METHOD_MATCH = YES;
				"CODE_SIGN_IDENTITY[sdk=iphoneos*]" = "iPhone Developer";
				COPY_PHASE_STRIP = YES;
				ENABLE_NS_ASSERTIONS = NO;
				GCC_C_LANGUAGE_STANDARD = gnu99;
				GCC_WARN_64_TO_32_BIT_CONVERSION = YES;
				GCC_WARN_ABOUT_RETURN_TYPE = YES_ERROR;
				GCC_WARN_UNDECLARED_SELECTOR = YES;
				GCC_WARN_UNINITIALIZED_AUTOS = YES_AGGRESSIVE;
				GCC_WARN_UNUSED_FUNCTION = YES;
				GCC_WARN_UNUSED_VARIABLE = YES;
				IPHONEOS_DEPLOYMENT_TARGET = 7.1;
				SDKROOT = iphoneos;
				VALIDATE_PRODUCT = YES;
			};
			name = Release;
		};
		FAB1913C197CBB42005338B8 /* Debug */ = {
			isa = XCBuildConfiguration;
			buildSettings = {
				ASSETCATALOG_COMPILER_APPICON_NAME = AppIcon;
				ASSETCATALOG_COMPILER_LAUNCHIMAGE_NAME = LaunchImage;
				CODE_SIGN_IDENTITY = "iPhone Developer: Chunli Li (69AKC247SA)";
				"CODE_SIGN_IDENTITY[sdk=iphoneos*]" = "iPhone Developer: Chunli Li (69AKC247SA)";
				GCC_PRECOMPILE_PREFIX_HEADER = YES;
				GCC_PREFIX_HEADER = "Answer/Answer-Prefix.pch";
				INFOPLIST_FILE = "Answer/Answer-Info.plist";
				IPHONEOS_DEPLOYMENT_TARGET = 6.0;
				PRODUCT_NAME = "$(TARGET_NAME)";
				PROVISIONING_PROFILE = "AFDC6311-A170-4AEA-A35E-688DCF57A04A";
				WRAPPER_EXTENSION = app;
			};
			name = Debug;
		};
		FAB1913D197CBB42005338B8 /* Release */ = {
			isa = XCBuildConfiguration;
			buildSettings = {
				ASSETCATALOG_COMPILER_APPICON_NAME = AppIcon;
				ASSETCATALOG_COMPILER_LAUNCHIMAGE_NAME = LaunchImage;
				CODE_SIGN_IDENTITY = "iPhone Developer: Chunli Li (69AKC247SA)";
				GCC_PRECOMPILE_PREFIX_HEADER = YES;
				GCC_PREFIX_HEADER = "Answer/Answer-Prefix.pch";
				INFOPLIST_FILE = "Answer/Answer-Info.plist";
				IPHONEOS_DEPLOYMENT_TARGET = 6.0;
				PRODUCT_NAME = "$(TARGET_NAME)";
				PROVISIONING_PROFILE = "AFDC6311-A170-4AEA-A35E-688DCF57A04A";
				WRAPPER_EXTENSION = app;
			};
			name = Release;
		};
		FAB1913F197CBB42005338B8 /* Debug */ = {
			isa = XCBuildConfiguration;
			buildSettings = {
				BUNDLE_LOADER = "$(BUILT_PRODUCTS_DIR)/Answer.app/Answer";
				FRAMEWORK_SEARCH_PATHS = (
					"$(SDKROOT)/Developer/Library/Frameworks",
					"$(inherited)",
					"$(DEVELOPER_FRAMEWORKS_DIR)",
				);
				GCC_PRECOMPILE_PREFIX_HEADER = YES;
				GCC_PREFIX_HEADER = "Answer/Answer-Prefix.pch";
				GCC_PREPROCESSOR_DEFINITIONS = (
					"DEBUG=1",
					"$(inherited)",
				);
				INFOPLIST_FILE = "AnswerTests/AnswerTests-Info.plist";
				PRODUCT_NAME = "$(TARGET_NAME)";
				TEST_HOST = "$(BUNDLE_LOADER)";
				WRAPPER_EXTENSION = xctest;
			};
			name = Debug;
		};
		FAB19140197CBB42005338B8 /* Release */ = {
			isa = XCBuildConfiguration;
			buildSettings = {
				BUNDLE_LOADER = "$(BUILT_PRODUCTS_DIR)/Answer.app/Answer";
				FRAMEWORK_SEARCH_PATHS = (
					"$(SDKROOT)/Developer/Library/Frameworks",
					"$(inherited)",
					"$(DEVELOPER_FRAMEWORKS_DIR)",
				);
				GCC_PRECOMPILE_PREFIX_HEADER = YES;
				GCC_PREFIX_HEADER = "Answer/Answer-Prefix.pch";
				INFOPLIST_FILE = "AnswerTests/AnswerTests-Info.plist";
				PRODUCT_NAME = "$(TARGET_NAME)";
				TEST_HOST = "$(BUNDLE_LOADER)";
				WRAPPER_EXTENSION = xctest;
			};
			name = Release;
		};
/* End XCBuildConfiguration section */

/* Begin XCConfigurationList section */
		FAB19104197CBB42005338B8 /* Build configuration list for PBXProject "Answer" */ = {
			isa = XCConfigurationList;
			buildConfigurations = (
				FAB19139197CBB42005338B8 /* Debug */,
				FAB1913A197CBB42005338B8 /* Release */,
			);
			defaultConfigurationIsVisible = 0;
			defaultConfigurationName = Release;
		};
		FAB1913B197CBB42005338B8 /* Build configuration list for PBXNativeTarget "Answer" */ = {
			isa = XCConfigurationList;
			buildConfigurations = (
				FAB1913C197CBB42005338B8 /* Debug */,
				FAB1913D197CBB42005338B8 /* Release */,
			);
			defaultConfigurationIsVisible = 0;
			defaultConfigurationName = Release;
		};
		FAB1913E197CBB42005338B8 /* Build configuration list for PBXNativeTarget "AnswerTests" */ = {
			isa = XCConfigurationList;
			buildConfigurations = (
				FAB1913F197CBB42005338B8 /* Debug */,
				FAB19140197CBB42005338B8 /* Release */,
			);
			defaultConfigurationIsVisible = 0;
			defaultConfigurationName = Release;
		};
/* End XCConfigurationList section */
	};
	rootObject = FAB19101197CBB42005338B8 /* Project object */;
}
